<?xml version="1.0" encoding="UTF-8"?>
<CodeBlocks_project_file>
	<FileVersion major="1" minor="6"/>
	<Project>
		<Option title="nlohmann_json_schema_validator"/>
		<Option makefile_is_custom="1"/>
		<Option compiler="gcc"/>
		<Option virtualFolders="CMake Files\;CMake Files\..\;CMake Files\..\..\;CMake Files\..\..\..\;CMake Files\..\..\..\..\;CMake Files\..\..\..\..\usr\;CMake Files\..\..\..\..\usr\lib64\;CMake Files\..\..\..\..\usr\lib64\cmake\;CMake Files\..\..\..\..\usr\lib64\cmake\Qt5\;CMake Files\..\..\..\..\usr\lib64\cmake\Qt5Widgets\;CMake Files\..\..\..\..\usr\lib64\cmake\Qt5Gui\;CMake Files\..\..\..\..\usr\lib64\cmake\Qt5Core\;CMake Files\..\..\..\..\usr\lib64\cmake\Qt5Qml\;CMake Files\..\..\..\..\usr\lib64\cmake\Qt5Network\;CMake Files\..\..\..\..\usr\lib64\cmake\Qt5Quick\;CMake Files\..\..\..\..\usr\lib64\cmake\Qt5QmlModels\;CMake Files\..\..\..\..\usr\lib64\cmake\Qt5Test\;CMake Files\..\..\..\..\usr\lib64\cmake\KF5Plasma\;CMake Files\..\..\..\..\usr\lib64\cmake\KF5Package\;CMake Files\..\..\..\..\usr\lib64\cmake\KF5CoreAddons\;CMake Files\..\..\..\..\usr\lib64\cmake\KF5Service\;CMake Files\..\..\..\..\usr\lib64\cmake\KF5Config\;CMake Files\..\..\..\..\usr\lib64\cmake\Qt5Xml\;CMake Files\..\..\..\..\usr\lib64\cmake\Qt5DBus\;CMake Files\..\..\..\..\usr\lib64\cmake\KF5WindowSystem\;CMake Files\..\..\..\..\usr\lib64\cmake\Boost-1.75.0\;CMake Files\..\..\..\..\usr\lib64\cmake\boost_headers-1.75.0\;CMake Files\..\..\..\..\usr\lib64\cmake\boost_filesystem-1.75.0\;CMake Files\..\..\..\..\usr\share\;CMake Files\..\..\..\..\usr\share\ECM\;CMake Files\..\..\..\..\usr\share\ECM\cmake\;CMake Files\..\..\..\..\usr\share\ECM\modules\;CMake Files\..\..\..\..\usr\share\ECM\kde-modules\;CMake Files\_deps\;CMake Files\_deps\json-src\;CMake Files\json-schema-validator\;CMake Files\src\;CMake Files\src\Editor\;CMake Files\src\Editor\Models\;CMake Files\src\Editor\Models\ComponentListModel\;CMake Files\src\Editor\Models\PluginTreeModel\;CMake Files\src\ComponentFramework\;CMake Files\src\ComponentFramework\ApplicationModel\;CMake Files\src\ComponentFramework\JsonToTreeParser\;CMake Files\src\ComponentFramework\JsonValueConverter\;CMake Files\src\Components\;"/>
		<Build>
			<Target title="all">
				<Option working_dir="/home/kwan/0CC4-8589/AwesomeMonitor/json-schema-validator"/>
				<Option type="4"/>
				<MakeCommands>
					<Build command="/usr/bin/make -f &quot;/home/kwan/0CC4-8589/AwesomeMonitor/json-schema-validator/Makefile&quot;  VERBOSE=1 all"/>
					<CompileFile command="/usr/bin/make -f &quot;/home/kwan/0CC4-8589/AwesomeMonitor/json-schema-validator/Makefile&quot;  VERBOSE=1 &quot;$file&quot;"/>
					<Clean command="/usr/bin/make -f &quot;/home/kwan/0CC4-8589/AwesomeMonitor/json-schema-validator/Makefile&quot;  VERBOSE=1 clean"/>
					<DistClean command="/usr/bin/make -f &quot;/home/kwan/0CC4-8589/AwesomeMonitor/json-schema-validator/Makefile&quot;  VERBOSE=1 clean"/>
				</MakeCommands>
			</Target>
			<Target title="nlohmann_json_schema_validator">
				<Option output="/home/kwan/0CC4-8589/AwesomeMonitor/json-schema-validator/libnlohmann_json_schema_validator.a" prefix_auto="0" extension_auto="0"/>
				<Option working_dir="/home/kwan/0CC4-8589/AwesomeMonitor/json-schema-validator"/>
				<Option object_output="./"/>
				<Option type="2"/>
				<Option compiler="gcc"/>
				<Compiler>
					<Add directory="/home/kwan/0CC4-8589/AwesomeMonitor/json-schema-validator/src"/>
					<Add directory="/home/kwan/0CC4-8589/AwesomeMonitor/_deps/json-src/include"/>
				</Compiler>
				<MakeCommands>
					<Build command="/usr/bin/make -f &quot;/home/kwan/0CC4-8589/AwesomeMonitor/json-schema-validator/Makefile&quot;  VERBOSE=1 nlohmann_json_schema_validator"/>
					<CompileFile command="/usr/bin/make -f &quot;/home/kwan/0CC4-8589/AwesomeMonitor/json-schema-validator/Makefile&quot;  VERBOSE=1 &quot;$file&quot;"/>
					<Clean command="/usr/bin/make -f &quot;/home/kwan/0CC4-8589/AwesomeMonitor/json-schema-validator/Makefile&quot;  VERBOSE=1 clean"/>
					<DistClean command="/usr/bin/make -f &quot;/home/kwan/0CC4-8589/AwesomeMonitor/json-schema-validator/Makefile&quot;  VERBOSE=1 clean"/>
				</MakeCommands>
			</Target>
			<Target title="nlohmann_json_schema_validator/fast">
				<Option output="/home/kwan/0CC4-8589/AwesomeMonitor/json-schema-validator/libnlohmann_json_schema_validator.a" prefix_auto="0" extension_auto="0"/>
				<Option working_dir="/home/kwan/0CC4-8589/AwesomeMonitor/json-schema-validator"/>
				<Option object_output="./"/>
				<Option type="2"/>
				<Option compiler="gcc"/>
				<Compiler>
					<Add directory="/home/kwan/0CC4-8589/AwesomeMonitor/json-schema-validator/src"/>
					<Add directory="/home/kwan/0CC4-8589/AwesomeMonitor/_deps/json-src/include"/>
				</Compiler>
				<MakeCommands>
					<Build command="/usr/bin/make -f &quot;/home/kwan/0CC4-8589/AwesomeMonitor/json-schema-validator/Makefile&quot;  VERBOSE=1 nlohmann_json_schema_validator/fast"/>
					<CompileFile command="/usr/bin/make -f &quot;/home/kwan/0CC4-8589/AwesomeMonitor/json-schema-validator/Makefile&quot;  VERBOSE=1 &quot;$file&quot;"/>
					<Clean command="/usr/bin/make -f &quot;/home/kwan/0CC4-8589/AwesomeMonitor/json-schema-validator/Makefile&quot;  VERBOSE=1 clean"/>
					<DistClean command="/usr/bin/make -f &quot;/home/kwan/0CC4-8589/AwesomeMonitor/json-schema-validator/Makefile&quot;  VERBOSE=1 clean"/>
				</MakeCommands>
			</Target>
		</Build>
		<Unit filename="/home/kwan/0CC4-8589/AwesomeMonitor/json-schema-validator/src/json-patch.cpp">
			<Option target="nlohmann_json_schema_validator"/>
		</Unit>
		<Unit filename="/home/kwan/0CC4-8589/AwesomeMonitor/json-schema-validator/src/json-patch.hpp">
			<Option target="nlohmann_json_schema_validator"/>
		</Unit>
		<Unit filename="/home/kwan/0CC4-8589/AwesomeMonitor/json-schema-validator/src/json-schema-draft7.json.cpp">
			<Option target="nlohmann_json_schema_validator"/>
		</Unit>
		<Unit filename="/home/kwan/0CC4-8589/AwesomeMonitor/json-schema-validator/src/json-uri.cpp">
			<Option target="nlohmann_json_schema_validator"/>
		</Unit>
		<Unit filename="/home/kwan/0CC4-8589/AwesomeMonitor/json-schema-validator/src/json-validator.cpp">
			<Option target="nlohmann_json_schema_validator"/>
		</Unit>
		<Unit filename="/home/kwan/0CC4-8589/AwesomeMonitor/json-schema-validator/src/string-format-check.cpp">
			<Option target="nlohmann_json_schema_validator"/>
		</Unit>
		<Unit filename="/home/kwan/0CC4-8589/AwesomeMonitor/CMakeLists.txt">
			<Option virtualFolder="CMake Files\"/>
		</Unit>
		<Unit filename="/home/kwan/0CC4-8589/AwesomeMonitor/../../../../usr/lib64/cmake/BoostDetectToolset-1.75.0.cmake">
			<Option virtualFolder="CMake Files\..\..\..\..\usr\lib64\cmake\"/>
		</Unit>
		<Unit filename="/home/kwan/0CC4-8589/AwesomeMonitor/../../../../usr/lib64/cmake/Qt5/Qt5Config.cmake">
			<Option virtualFolder="CMake Files\..\..\..\..\usr\lib64\cmake\Qt5\"/>
		</Unit>
		<Unit filename="/home/kwan/0CC4-8589/AwesomeMonitor/../../../../usr/lib64/cmake/Qt5/Qt5ConfigVersion.cmake">
			<Option virtualFolder="CMake Files\..\..\..\..\usr\lib64\cmake\Qt5\"/>
		</Unit>
		<Unit filename="/home/kwan/0CC4-8589/AwesomeMonitor/../../../../usr/lib64/cmake/Qt5/Qt5ModuleLocation.cmake">
			<Option virtualFolder="CMake Files\..\..\..\..\usr\lib64\cmake\Qt5\"/>
		</Unit>
		<Unit filename="/home/kwan/0CC4-8589/AwesomeMonitor/../../../../usr/lib64/cmake/Qt5Widgets/Qt5WidgetsConfig.cmake">
			<Option virtualFolder="CMake Files\..\..\..\..\usr\lib64\cmake\Qt5Widgets\"/>
		</Unit>
		<Unit filename="/home/kwan/0CC4-8589/AwesomeMonitor/../../../../usr/lib64/cmake/Qt5Widgets/Qt5WidgetsConfigExtras.cmake">
			<Option virtualFolder="CMake Files\..\..\..\..\usr\lib64\cmake\Qt5Widgets\"/>
		</Unit>
		<Unit filename="/home/kwan/0CC4-8589/AwesomeMonitor/../../../../usr/lib64/cmake/Qt5Widgets/Qt5WidgetsConfigVersion.cmake">
			<Option virtualFolder="CMake Files\..\..\..\..\usr\lib64\cmake\Qt5Widgets\"/>
		</Unit>
		<Unit filename="/home/kwan/0CC4-8589/AwesomeMonitor/../../../../usr/lib64/cmake/Qt5Widgets/Qt5WidgetsMacros.cmake">
			<Option virtualFolder="CMake Files\..\..\..\..\usr\lib64\cmake\Qt5Widgets\"/>
		</Unit>
		<Unit filename="/home/kwan/0CC4-8589/AwesomeMonitor/../../../../usr/lib64/cmake/Qt5Gui/Qt5GuiConfig.cmake">
			<Option virtualFolder="CMake Files\..\..\..\..\usr\lib64\cmake\Qt5Gui\"/>
		</Unit>
		<Unit filename="/home/kwan/0CC4-8589/AwesomeMonitor/../../../../usr/lib64/cmake/Qt5Gui/Qt5GuiConfigExtras.cmake">
			<Option virtualFolder="CMake Files\..\..\..\..\usr\lib64\cmake\Qt5Gui\"/>
		</Unit>
		<Unit filename="/home/kwan/0CC4-8589/AwesomeMonitor/../../../../usr/lib64/cmake/Qt5Gui/Qt5GuiConfigVersion.cmake">
			<Option virtualFolder="CMake Files\..\..\..\..\usr\lib64\cmake\Qt5Gui\"/>
		</Unit>
		<Unit filename="/home/kwan/0CC4-8589/AwesomeMonitor/../../../../usr/lib64/cmake/Qt5Gui/Qt5Gui_QComposePlatformInputContextPlugin.cmake">
			<Option virtualFolder="CMake Files\..\..\..\..\usr\lib64\cmake\Qt5Gui\"/>
		</Unit>
		<Unit filename="/home/kwan/0CC4-8589/AwesomeMonitor/../../../../usr/lib64/cmake/Qt5Gui/Qt5Gui_QEglFSEmulatorIntegrationPlugin.cmake">
			<Option virtualFolder="CMake Files\..\..\..\..\usr\lib64\cmake\Qt5Gui\"/>
		</Unit>
		<Unit filename="/home/kwan/0CC4-8589/AwesomeMonitor/../../../../usr/lib64/cmake/Qt5Gui/Qt5Gui_QEglFSIntegrationPlugin.cmake">
			<Option virtualFolder="CMake Files\..\..\..\..\usr\lib64\cmake\Qt5Gui\"/>
		</Unit>
		<Unit filename="/home/kwan/0CC4-8589/AwesomeMonitor/../../../../usr/lib64/cmake/Qt5Gui/Qt5Gui_QEglFSKmsEglDeviceIntegrationPlugin.cmake">
			<Option virtualFolder="CMake Files\..\..\..\..\usr\lib64\cmake\Qt5Gui\"/>
		</Unit>
		<Unit filename="/home/kwan/0CC4-8589/AwesomeMonitor/../../../../usr/lib64/cmake/Qt5Gui/Qt5Gui_QEglFSKmsGbmIntegrationPlugin.cmake">
			<Option virtualFolder="CMake Files\..\..\..\..\usr\lib64\cmake\Qt5Gui\"/>
		</Unit>
		<Unit filename="/home/kwan/0CC4-8589/AwesomeMonitor/../../../../usr/lib64/cmake/Qt5Gui/Qt5Gui_QEglFSX11IntegrationPlugin.cmake">
			<Option virtualFolder="CMake Files\..\..\..\..\usr\lib64\cmake\Qt5Gui\"/>
		</Unit>
		<Unit filename="/home/kwan/0CC4-8589/AwesomeMonitor/../../../../usr/lib64/cmake/Qt5Gui/Qt5Gui_QEvdevKeyboardPlugin.cmake">
			<Option virtualFolder="CMake Files\..\..\..\..\usr\lib64\cmake\Qt5Gui\"/>
		</Unit>
		<Unit filename="/home/kwan/0CC4-8589/AwesomeMonitor/../../../../usr/lib64/cmake/Qt5Gui/Qt5Gui_QEvdevMousePlugin.cmake">
			<Option virtualFolder="CMake Files\..\..\..\..\usr\lib64\cmake\Qt5Gui\"/>
		</Unit>
		<Unit filename="/home/kwan/0CC4-8589/AwesomeMonitor/../../../../usr/lib64/cmake/Qt5Gui/Qt5Gui_QEvdevTabletPlugin.cmake">
			<Option virtualFolder="CMake Files\..\..\..\..\usr\lib64\cmake\Qt5Gui\"/>
		</Unit>
		<Unit filename="/home/kwan/0CC4-8589/AwesomeMonitor/../../../../usr/lib64/cmake/Qt5Gui/Qt5Gui_QEvdevTouchScreenPlugin.cmake">
			<Option virtualFolder="CMake Files\..\..\..\..\usr\lib64\cmake\Qt5Gui\"/>
		</Unit>
		<Unit filename="/home/kwan/0CC4-8589/AwesomeMonitor/../../../../usr/lib64/cmake/Qt5Gui/Qt5Gui_QGifPlugin.cmake">
			<Option virtualFolder="CMake Files\..\..\..\..\usr\lib64\cmake\Qt5Gui\"/>
		</Unit>
		<Unit filename="/home/kwan/0CC4-8589/AwesomeMonitor/../../../../usr/lib64/cmake/Qt5Gui/Qt5Gui_QGtk3ThemePlugin.cmake">
			<Option virtualFolder="CMake Files\..\..\..\..\usr\lib64\cmake\Qt5Gui\"/>
		</Unit>
		<Unit filename="/home/kwan/0CC4-8589/AwesomeMonitor/../../../../usr/lib64/cmake/Qt5Gui/Qt5Gui_QICNSPlugin.cmake">
			<Option virtualFolder="CMake Files\..\..\..\..\usr\lib64\cmake\Qt5Gui\"/>
		</Unit>
		<Unit filename="/home/kwan/0CC4-8589/AwesomeMonitor/../../../../usr/lib64/cmake/Qt5Gui/Qt5Gui_QICOPlugin.cmake">
			<Option virtualFolder="CMake Files\..\..\..\..\usr\lib64\cmake\Qt5Gui\"/>
		</Unit>
		<Unit filename="/home/kwan/0CC4-8589/AwesomeMonitor/../../../../usr/lib64/cmake/Qt5Gui/Qt5Gui_QIbusPlatformInputContextPlugin.cmake">
			<Option virtualFolder="CMake Files\..\..\..\..\usr\lib64\cmake\Qt5Gui\"/>
		</Unit>
		<Unit filename="/home/kwan/0CC4-8589/AwesomeMonitor/../../../../usr/lib64/cmake/Qt5Gui/Qt5Gui_QJp2Plugin.cmake">
			<Option virtualFolder="CMake Files\..\..\..\..\usr\lib64\cmake\Qt5Gui\"/>
		</Unit>
		<Unit filename="/home/kwan/0CC4-8589/AwesomeMonitor/../../../../usr/lib64/cmake/Qt5Gui/Qt5Gui_QJpegPlugin.cmake">
			<Option virtualFolder="CMake Files\..\..\..\..\usr\lib64\cmake\Qt5Gui\"/>
		</Unit>
		<Unit filename="/home/kwan/0CC4-8589/AwesomeMonitor/../../../../usr/lib64/cmake/Qt5Gui/Qt5Gui_QLibInputPlugin.cmake">
			<Option virtualFolder="CMake Files\..\..\..\..\usr\lib64\cmake\Qt5Gui\"/>
		</Unit>
		<Unit filename="/home/kwan/0CC4-8589/AwesomeMonitor/../../../../usr/lib64/cmake/Qt5Gui/Qt5Gui_QLinuxFbIntegrationPlugin.cmake">
			<Option virtualFolder="CMake Files\..\..\..\..\usr\lib64\cmake\Qt5Gui\"/>
		</Unit>
		<Unit filename="/home/kwan/0CC4-8589/AwesomeMonitor/../../../../usr/lib64/cmake/Qt5Gui/Qt5Gui_QMinimalEglIntegrationPlugin.cmake">
			<Option virtualFolder="CMake Files\..\..\..\..\usr\lib64\cmake\Qt5Gui\"/>
		</Unit>
		<Unit filename="/home/kwan/0CC4-8589/AwesomeMonitor/../../../../usr/lib64/cmake/Qt5Gui/Qt5Gui_QMinimalIntegrationPlugin.cmake">
			<Option virtualFolder="CMake Files\..\..\..\..\usr\lib64\cmake\Qt5Gui\"/>
		</Unit>
		<Unit filename="/home/kwan/0CC4-8589/AwesomeMonitor/../../../../usr/lib64/cmake/Qt5Gui/Qt5Gui_QMngPlugin.cmake">
			<Option virtualFolder="CMake Files\..\..\..\..\usr\lib64\cmake\Qt5Gui\"/>
		</Unit>
		<Unit filename="/home/kwan/0CC4-8589/AwesomeMonitor/../../../../usr/lib64/cmake/Qt5Gui/Qt5Gui_QOffscreenIntegrationPlugin.cmake">
			<Option virtualFolder="CMake Files\..\..\..\..\usr\lib64\cmake\Qt5Gui\"/>
		</Unit>
		<Unit filename="/home/kwan/0CC4-8589/AwesomeMonitor/../../../../usr/lib64/cmake/Qt5Gui/Qt5Gui_QPdfPlugin.cmake">
			<Option virtualFolder="CMake Files\..\..\..\..\usr\lib64\cmake\Qt5Gui\"/>
		</Unit>
		<Unit filename="/home/kwan/0CC4-8589/AwesomeMonitor/../../../../usr/lib64/cmake/Qt5Gui/Qt5Gui_QSvgIconPlugin.cmake">
			<Option virtualFolder="CMake Files\..\..\..\..\usr\lib64\cmake\Qt5Gui\"/>
		</Unit>
		<Unit filename="/home/kwan/0CC4-8589/AwesomeMonitor/../../../../usr/lib64/cmake/Qt5Gui/Qt5Gui_QSvgPlugin.cmake">
			<Option virtualFolder="CMake Files\..\..\..\..\usr\lib64\cmake\Qt5Gui\"/>
		</Unit>
		<Unit filename="/home/kwan/0CC4-8589/AwesomeMonitor/../../../../usr/lib64/cmake/Qt5Gui/Qt5Gui_QTgaPlugin.cmake">
			<Option virtualFolder="CMake Files\..\..\..\..\usr\lib64\cmake\Qt5Gui\"/>
		</Unit>
		<Unit filename="/home/kwan/0CC4-8589/AwesomeMonitor/../../../../usr/lib64/cmake/Qt5Gui/Qt5Gui_QTiffPlugin.cmake">
			<Option virtualFolder="CMake Files\..\..\..\..\usr\lib64\cmake\Qt5Gui\"/>
		</Unit>
		<Unit filename="/home/kwan/0CC4-8589/AwesomeMonitor/../../../../usr/lib64/cmake/Qt5Gui/Qt5Gui_QTsLibPlugin.cmake">
			<Option virtualFolder="CMake Files\..\..\..\..\usr\lib64\cmake\Qt5Gui\"/>
		</Unit>
		<Unit filename="/home/kwan/0CC4-8589/AwesomeMonitor/../../../../usr/lib64/cmake/Qt5Gui/Qt5Gui_QTuioTouchPlugin.cmake">
			<Option virtualFolder="CMake Files\..\..\..\..\usr\lib64\cmake\Qt5Gui\"/>
		</Unit>
		<Unit filename="/home/kwan/0CC4-8589/AwesomeMonitor/../../../../usr/lib64/cmake/Qt5Gui/Qt5Gui_QVirtualKeyboardPlugin.cmake">
			<Option virtualFolder="CMake Files\..\..\..\..\usr\lib64\cmake\Qt5Gui\"/>
		</Unit>
		<Unit filename="/home/kwan/0CC4-8589/AwesomeMonitor/../../../../usr/lib64/cmake/Qt5Gui/Qt5Gui_QVncIntegrationPlugin.cmake">
			<Option virtualFolder="CMake Files\..\..\..\..\usr\lib64\cmake\Qt5Gui\"/>
		</Unit>
		<Unit filename="/home/kwan/0CC4-8589/AwesomeMonitor/../../../../usr/lib64/cmake/Qt5Gui/Qt5Gui_QWaylandEglPlatformIntegrationPlugin.cmake">
			<Option virtualFolder="CMake Files\..\..\..\..\usr\lib64\cmake\Qt5Gui\"/>
		</Unit>
		<Unit filename="/home/kwan/0CC4-8589/AwesomeMonitor/../../../../usr/lib64/cmake/Qt5Gui/Qt5Gui_QWaylandIntegrationPlugin.cmake">
			<Option virtualFolder="CMake Files\..\..\..\..\usr\lib64\cmake\Qt5Gui\"/>
		</Unit>
		<Unit filename="/home/kwan/0CC4-8589/AwesomeMonitor/../../../../usr/lib64/cmake/Qt5Gui/Qt5Gui_QWaylandXCompositeEglPlatformIntegrationPlugin.cmake">
			<Option virtualFolder="CMake Files\..\..\..\..\usr\lib64\cmake\Qt5Gui\"/>
		</Unit>
		<Unit filename="/home/kwan/0CC4-8589/AwesomeMonitor/../../../../usr/lib64/cmake/Qt5Gui/Qt5Gui_QWaylandXCompositeGlxPlatformIntegrationPlugin.cmake">
			<Option virtualFolder="CMake Files\..\..\..\..\usr\lib64\cmake\Qt5Gui\"/>
		</Unit>
		<Unit filename="/home/kwan/0CC4-8589/AwesomeMonitor/../../../../usr/lib64/cmake/Qt5Gui/Qt5Gui_QWbmpPlugin.cmake">
			<Option virtualFolder="CMake Files\..\..\..\..\usr\lib64\cmake\Qt5Gui\"/>
		</Unit>
		<Unit filename="/home/kwan/0CC4-8589/AwesomeMonitor/../../../../usr/lib64/cmake/Qt5Gui/Qt5Gui_QWebGLIntegrationPlugin.cmake">
			<Option virtualFolder="CMake Files\..\..\..\..\usr\lib64\cmake\Qt5Gui\"/>
		</Unit>
		<Unit filename="/home/kwan/0CC4-8589/AwesomeMonitor/../../../../usr/lib64/cmake/Qt5Gui/Qt5Gui_QWebpPlugin.cmake">
			<Option virtualFolder="CMake Files\..\..\..\..\usr\lib64\cmake\Qt5Gui\"/>
		</Unit>
		<Unit filename="/home/kwan/0CC4-8589/AwesomeMonitor/../../../../usr/lib64/cmake/Qt5Gui/Qt5Gui_QXcbEglIntegrationPlugin.cmake">
			<Option virtualFolder="CMake Files\..\..\..\..\usr\lib64\cmake\Qt5Gui\"/>
		</Unit>
		<Unit filename="/home/kwan/0CC4-8589/AwesomeMonitor/../../../../usr/lib64/cmake/Qt5Gui/Qt5Gui_QXcbGlxIntegrationPlugin.cmake">
			<Option virtualFolder="CMake Files\..\..\..\..\usr\lib64\cmake\Qt5Gui\"/>
		</Unit>
		<Unit filename="/home/kwan/0CC4-8589/AwesomeMonitor/../../../../usr/lib64/cmake/Qt5Gui/Qt5Gui_QXcbIntegrationPlugin.cmake">
			<Option virtualFolder="CMake Files\..\..\..\..\usr\lib64\cmake\Qt5Gui\"/>
		</Unit>
		<Unit filename="/home/kwan/0CC4-8589/AwesomeMonitor/../../../../usr/lib64/cmake/Qt5Gui/Qt5Gui_QXdgDesktopPortalThemePlugin.cmake">
			<Option virtualFolder="CMake Files\..\..\..\..\usr\lib64\cmake\Qt5Gui\"/>
		</Unit>
		<Unit filename="/home/kwan/0CC4-8589/AwesomeMonitor/../../../../usr/lib64/cmake/Qt5Core/Qt5CoreConfig.cmake">
			<Option virtualFolder="CMake Files\..\..\..\..\usr\lib64\cmake\Qt5Core\"/>
		</Unit>
		<Unit filename="/home/kwan/0CC4-8589/AwesomeMonitor/../../../../usr/lib64/cmake/Qt5Core/Qt5CoreConfigExtras.cmake">
			<Option virtualFolder="CMake Files\..\..\..\..\usr\lib64\cmake\Qt5Core\"/>
		</Unit>
		<Unit filename="/home/kwan/0CC4-8589/AwesomeMonitor/../../../../usr/lib64/cmake/Qt5Core/Qt5CoreConfigExtrasMkspecDir.cmake">
			<Option virtualFolder="CMake Files\..\..\..\..\usr\lib64\cmake\Qt5Core\"/>
		</Unit>
		<Unit filename="/home/kwan/0CC4-8589/AwesomeMonitor/../../../../usr/lib64/cmake/Qt5Core/Qt5CoreConfigVersion.cmake">
			<Option virtualFolder="CMake Files\..\..\..\..\usr\lib64\cmake\Qt5Core\"/>
		</Unit>
		<Unit filename="/home/kwan/0CC4-8589/AwesomeMonitor/../../../../usr/lib64/cmake/Qt5Core/Qt5CoreMacros.cmake">
			<Option virtualFolder="CMake Files\..\..\..\..\usr\lib64\cmake\Qt5Core\"/>
		</Unit>
		<Unit filename="/home/kwan/0CC4-8589/AwesomeMonitor/../../../../usr/lib64/cmake/Qt5Qml/Qt5QmlConfig.cmake">
			<Option virtualFolder="CMake Files\..\..\..\..\usr\lib64\cmake\Qt5Qml\"/>
		</Unit>
		<Unit filename="/home/kwan/0CC4-8589/AwesomeMonitor/../../../../usr/lib64/cmake/Qt5Qml/Qt5QmlConfigExtras.cmake">
			<Option virtualFolder="CMake Files\..\..\..\..\usr\lib64\cmake\Qt5Qml\"/>
		</Unit>
		<Unit filename="/home/kwan/0CC4-8589/AwesomeMonitor/../../../../usr/lib64/cmake/Qt5Qml/Qt5QmlConfigVersion.cmake">
			<Option virtualFolder="CMake Files\..\..\..\..\usr\lib64\cmake\Qt5Qml\"/>
		</Unit>
		<Unit filename="/home/kwan/0CC4-8589/AwesomeMonitor/../../../../usr/lib64/cmake/Qt5Qml/Qt5Qml_QDebugMessageServiceFactory.cmake">
			<Option virtualFolder="CMake Files\..\..\..\..\usr\lib64\cmake\Qt5Qml\"/>
		</Unit>
		<Unit filename="/home/kwan/0CC4-8589/AwesomeMonitor/../../../../usr/lib64/cmake/Qt5Qml/Qt5Qml_QLocalClientConnectionFactory.cmake">
			<Option virtualFolder="CMake Files\..\..\..\..\usr\lib64\cmake\Qt5Qml\"/>
		</Unit>
		<Unit filename="/home/kwan/0CC4-8589/AwesomeMonitor/../../../../usr/lib64/cmake/Qt5Qml/Qt5Qml_QQmlDebugServerFactory.cmake">
			<Option virtualFolder="CMake Files\..\..\..\..\usr\lib64\cmake\Qt5Qml\"/>
		</Unit>
		<Unit filename="/home/kwan/0CC4-8589/AwesomeMonitor/../../../../usr/lib64/cmake/Qt5Qml/Qt5Qml_QQmlDebuggerServiceFactory.cmake">
			<Option virtualFolder="CMake Files\..\..\..\..\usr\lib64\cmake\Qt5Qml\"/>
		</Unit>
		<Unit filename="/home/kwan/0CC4-8589/AwesomeMonitor/../../../../usr/lib64/cmake/Qt5Qml/Qt5Qml_QQmlInspectorServiceFactory.cmake">
			<Option virtualFolder="CMake Files\..\..\..\..\usr\lib64\cmake\Qt5Qml\"/>
		</Unit>
		<Unit filename="/home/kwan/0CC4-8589/AwesomeMonitor/../../../../usr/lib64/cmake/Qt5Qml/Qt5Qml_QQmlNativeDebugConnectorFactory.cmake">
			<Option virtualFolder="CMake Files\..\..\..\..\usr\lib64\cmake\Qt5Qml\"/>
		</Unit>
		<Unit filename="/home/kwan/0CC4-8589/AwesomeMonitor/../../../../usr/lib64/cmake/Qt5Qml/Qt5Qml_QQmlNativeDebugServiceFactory.cmake">
			<Option virtualFolder="CMake Files\..\..\..\..\usr\lib64\cmake\Qt5Qml\"/>
		</Unit>
		<Unit filename="/home/kwan/0CC4-8589/AwesomeMonitor/../../../../usr/lib64/cmake/Qt5Qml/Qt5Qml_QQmlPreviewServiceFactory.cmake">
			<Option virtualFolder="CMake Files\..\..\..\..\usr\lib64\cmake\Qt5Qml\"/>
		</Unit>
		<Unit filename="/home/kwan/0CC4-8589/AwesomeMonitor/../../../../usr/lib64/cmake/Qt5Qml/Qt5Qml_QQmlProfilerServiceFactory.cmake">
			<Option virtualFolder="CMake Files\..\..\..\..\usr\lib64\cmake\Qt5Qml\"/>
		</Unit>
		<Unit filename="/home/kwan/0CC4-8589/AwesomeMonitor/../../../../usr/lib64/cmake/Qt5Qml/Qt5Qml_QQuickProfilerAdapterFactory.cmake">
			<Option virtualFolder="CMake Files\..\..\..\..\usr\lib64\cmake\Qt5Qml\"/>
		</Unit>
		<Unit filename="/home/kwan/0CC4-8589/AwesomeMonitor/../../../../usr/lib64/cmake/Qt5Qml/Qt5Qml_QTcpServerConnectionFactory.cmake">
			<Option virtualFolder="CMake Files\..\..\..\..\usr\lib64\cmake\Qt5Qml\"/>
		</Unit>
		<Unit filename="/home/kwan/0CC4-8589/AwesomeMonitor/../../../../usr/lib64/cmake/Qt5Network/Qt5NetworkConfig.cmake">
			<Option virtualFolder="CMake Files\..\..\..\..\usr\lib64\cmake\Qt5Network\"/>
		</Unit>
		<Unit filename="/home/kwan/0CC4-8589/AwesomeMonitor/../../../../usr/lib64/cmake/Qt5Network/Qt5NetworkConfigVersion.cmake">
			<Option virtualFolder="CMake Files\..\..\..\..\usr\lib64\cmake\Qt5Network\"/>
		</Unit>
		<Unit filename="/home/kwan/0CC4-8589/AwesomeMonitor/../../../../usr/lib64/cmake/Qt5Network/Qt5Network_QConnmanEnginePlugin.cmake">
			<Option virtualFolder="CMake Files\..\..\..\..\usr\lib64\cmake\Qt5Network\"/>
		</Unit>
		<Unit filename="/home/kwan/0CC4-8589/AwesomeMonitor/../../../../usr/lib64/cmake/Qt5Network/Qt5Network_QGenericEnginePlugin.cmake">
			<Option virtualFolder="CMake Files\..\..\..\..\usr\lib64\cmake\Qt5Network\"/>
		</Unit>
		<Unit filename="/home/kwan/0CC4-8589/AwesomeMonitor/../../../../usr/lib64/cmake/Qt5Network/Qt5Network_QNetworkManagerEnginePlugin.cmake">
			<Option virtualFolder="CMake Files\..\..\..\..\usr\lib64\cmake\Qt5Network\"/>
		</Unit>
		<Unit filename="/home/kwan/0CC4-8589/AwesomeMonitor/../../../../usr/lib64/cmake/Qt5Quick/Qt5QuickConfig.cmake">
			<Option virtualFolder="CMake Files\..\..\..\..\usr\lib64\cmake\Qt5Quick\"/>
		</Unit>
		<Unit filename="/home/kwan/0CC4-8589/AwesomeMonitor/../../../../usr/lib64/cmake/Qt5Quick/Qt5QuickConfigVersion.cmake">
			<Option virtualFolder="CMake Files\..\..\..\..\usr\lib64\cmake\Qt5Quick\"/>
		</Unit>
		<Unit filename="/home/kwan/0CC4-8589/AwesomeMonitor/../../../../usr/lib64/cmake/Qt5QmlModels/Qt5QmlModelsConfig.cmake">
			<Option virtualFolder="CMake Files\..\..\..\..\usr\lib64\cmake\Qt5QmlModels\"/>
		</Unit>
		<Unit filename="/home/kwan/0CC4-8589/AwesomeMonitor/../../../../usr/lib64/cmake/Qt5QmlModels/Qt5QmlModelsConfigVersion.cmake">
			<Option virtualFolder="CMake Files\..\..\..\..\usr\lib64\cmake\Qt5QmlModels\"/>
		</Unit>
		<Unit filename="/home/kwan/0CC4-8589/AwesomeMonitor/../../../../usr/lib64/cmake/Qt5Test/Qt5TestConfig.cmake">
			<Option virtualFolder="CMake Files\..\..\..\..\usr\lib64\cmake\Qt5Test\"/>
		</Unit>
		<Unit filename="/home/kwan/0CC4-8589/AwesomeMonitor/../../../../usr/lib64/cmake/Qt5Test/Qt5TestConfigExtras.cmake">
			<Option virtualFolder="CMake Files\..\..\..\..\usr\lib64\cmake\Qt5Test\"/>
		</Unit>
		<Unit filename="/home/kwan/0CC4-8589/AwesomeMonitor/../../../../usr/lib64/cmake/Qt5Test/Qt5TestConfigVersion.cmake">
			<Option virtualFolder="CMake Files\..\..\..\..\usr\lib64\cmake\Qt5Test\"/>
		</Unit>
		<Unit filename="/home/kwan/0CC4-8589/AwesomeMonitor/../../../../usr/lib64/cmake/KF5Plasma/KF5PlasmaConfig.cmake">
			<Option virtualFolder="CMake Files\..\..\..\..\usr\lib64\cmake\KF5Plasma\"/>
		</Unit>
		<Unit filename="/home/kwan/0CC4-8589/AwesomeMonitor/../../../../usr/lib64/cmake/KF5Plasma/KF5PlasmaConfigVersion.cmake">
			<Option virtualFolder="CMake Files\..\..\..\..\usr\lib64\cmake\KF5Plasma\"/>
		</Unit>
		<Unit filename="/home/kwan/0CC4-8589/AwesomeMonitor/../../../../usr/lib64/cmake/KF5Plasma/KF5PlasmaMacros.cmake">
			<Option virtualFolder="CMake Files\..\..\..\..\usr\lib64\cmake\KF5Plasma\"/>
		</Unit>
		<Unit filename="/home/kwan/0CC4-8589/AwesomeMonitor/../../../../usr/lib64/cmake/KF5Plasma/KF5PlasmaQchTargets.cmake">
			<Option virtualFolder="CMake Files\..\..\..\..\usr\lib64\cmake\KF5Plasma\"/>
		</Unit>
		<Unit filename="/home/kwan/0CC4-8589/AwesomeMonitor/../../../../usr/lib64/cmake/KF5Plasma/KF5PlasmaTargets-noconfig.cmake">
			<Option virtualFolder="CMake Files\..\..\..\..\usr\lib64\cmake\KF5Plasma\"/>
		</Unit>
		<Unit filename="/home/kwan/0CC4-8589/AwesomeMonitor/../../../../usr/lib64/cmake/KF5Plasma/KF5PlasmaTargets.cmake">
			<Option virtualFolder="CMake Files\..\..\..\..\usr\lib64\cmake\KF5Plasma\"/>
		</Unit>
		<Unit filename="/home/kwan/0CC4-8589/AwesomeMonitor/../../../../usr/lib64/cmake/KF5Package/KF5PackageConfig.cmake">
			<Option virtualFolder="CMake Files\..\..\..\..\usr\lib64\cmake\KF5Package\"/>
		</Unit>
		<Unit filename="/home/kwan/0CC4-8589/AwesomeMonitor/../../../../usr/lib64/cmake/KF5Package/KF5PackageConfigVersion.cmake">
			<Option virtualFolder="CMake Files\..\..\..\..\usr\lib64\cmake\KF5Package\"/>
		</Unit>
		<Unit filename="/home/kwan/0CC4-8589/AwesomeMonitor/../../../../usr/lib64/cmake/KF5Package/KF5PackageMacros.cmake">
			<Option virtualFolder="CMake Files\..\..\..\..\usr\lib64\cmake\KF5Package\"/>
		</Unit>
		<Unit filename="/home/kwan/0CC4-8589/AwesomeMonitor/../../../../usr/lib64/cmake/KF5Package/KF5PackageQchTargets.cmake">
			<Option virtualFolder="CMake Files\..\..\..\..\usr\lib64\cmake\KF5Package\"/>
		</Unit>
		<Unit filename="/home/kwan/0CC4-8589/AwesomeMonitor/../../../../usr/lib64/cmake/KF5Package/KF5PackageTargets-noconfig.cmake">
			<Option virtualFolder="CMake Files\..\..\..\..\usr\lib64\cmake\KF5Package\"/>
		</Unit>
		<Unit filename="/home/kwan/0CC4-8589/AwesomeMonitor/../../../../usr/lib64/cmake/KF5Package/KF5PackageTargets.cmake">
			<Option virtualFolder="CMake Files\..\..\..\..\usr\lib64\cmake\KF5Package\"/>
		</Unit>
		<Unit filename="/home/kwan/0CC4-8589/AwesomeMonitor/../../../../usr/lib64/cmake/KF5Package/KF5PackageToolsTargets-noconfig.cmake">
			<Option virtualFolder="CMake Files\..\..\..\..\usr\lib64\cmake\KF5Package\"/>
		</Unit>
		<Unit filename="/home/kwan/0CC4-8589/AwesomeMonitor/../../../../usr/lib64/cmake/KF5Package/KF5PackageToolsTargets.cmake">
			<Option virtualFolder="CMake Files\..\..\..\..\usr\lib64\cmake\KF5Package\"/>
		</Unit>
		<Unit filename="/home/kwan/0CC4-8589/AwesomeMonitor/../../../../usr/lib64/cmake/KF5CoreAddons/KF5CoreAddonsConfig.cmake">
			<Option virtualFolder="CMake Files\..\..\..\..\usr\lib64\cmake\KF5CoreAddons\"/>
		</Unit>
		<Unit filename="/home/kwan/0CC4-8589/AwesomeMonitor/../../../../usr/lib64/cmake/KF5CoreAddons/KF5CoreAddonsConfigVersion.cmake">
			<Option virtualFolder="CMake Files\..\..\..\..\usr\lib64\cmake\KF5CoreAddons\"/>
		</Unit>
		<Unit filename="/home/kwan/0CC4-8589/AwesomeMonitor/../../../../usr/lib64/cmake/KF5CoreAddons/KF5CoreAddonsMacros.cmake">
			<Option virtualFolder="CMake Files\..\..\..\..\usr\lib64\cmake\KF5CoreAddons\"/>
		</Unit>
		<Unit filename="/home/kwan/0CC4-8589/AwesomeMonitor/../../../../usr/lib64/cmake/KF5CoreAddons/KF5CoreAddonsQchTargets.cmake">
			<Option virtualFolder="CMake Files\..\..\..\..\usr\lib64\cmake\KF5CoreAddons\"/>
		</Unit>
		<Unit filename="/home/kwan/0CC4-8589/AwesomeMonitor/../../../../usr/lib64/cmake/KF5CoreAddons/KF5CoreAddonsTargets-noconfig.cmake">
			<Option virtualFolder="CMake Files\..\..\..\..\usr\lib64\cmake\KF5CoreAddons\"/>
		</Unit>
		<Unit filename="/home/kwan/0CC4-8589/AwesomeMonitor/../../../../usr/lib64/cmake/KF5CoreAddons/KF5CoreAddonsTargets.cmake">
			<Option virtualFolder="CMake Files\..\..\..\..\usr\lib64\cmake\KF5CoreAddons\"/>
		</Unit>
		<Unit filename="/home/kwan/0CC4-8589/AwesomeMonitor/../../../../usr/lib64/cmake/KF5CoreAddons/KF5CoreAddonsToolingTargets-noconfig.cmake">
			<Option virtualFolder="CMake Files\..\..\..\..\usr\lib64\cmake\KF5CoreAddons\"/>
		</Unit>
		<Unit filename="/home/kwan/0CC4-8589/AwesomeMonitor/../../../../usr/lib64/cmake/KF5CoreAddons/KF5CoreAddonsToolingTargets.cmake">
			<Option virtualFolder="CMake Files\..\..\..\..\usr\lib64\cmake\KF5CoreAddons\"/>
		</Unit>
		<Unit filename="/home/kwan/0CC4-8589/AwesomeMonitor/../../../../usr/lib64/cmake/KF5Service/KF5ServiceConfig.cmake">
			<Option virtualFolder="CMake Files\..\..\..\..\usr\lib64\cmake\KF5Service\"/>
		</Unit>
		<Unit filename="/home/kwan/0CC4-8589/AwesomeMonitor/../../../../usr/lib64/cmake/KF5Service/KF5ServiceConfigVersion.cmake">
			<Option virtualFolder="CMake Files\..\..\..\..\usr\lib64\cmake\KF5Service\"/>
		</Unit>
		<Unit filename="/home/kwan/0CC4-8589/AwesomeMonitor/../../../../usr/lib64/cmake/KF5Service/KF5ServiceMacros.cmake">
			<Option virtualFolder="CMake Files\..\..\..\..\usr\lib64\cmake\KF5Service\"/>
		</Unit>
		<Unit filename="/home/kwan/0CC4-8589/AwesomeMonitor/../../../../usr/lib64/cmake/KF5Service/KF5ServiceQchTargets.cmake">
			<Option virtualFolder="CMake Files\..\..\..\..\usr\lib64\cmake\KF5Service\"/>
		</Unit>
		<Unit filename="/home/kwan/0CC4-8589/AwesomeMonitor/../../../../usr/lib64/cmake/KF5Service/KF5ServiceTargets-noconfig.cmake">
			<Option virtualFolder="CMake Files\..\..\..\..\usr\lib64\cmake\KF5Service\"/>
		</Unit>
		<Unit filename="/home/kwan/0CC4-8589/AwesomeMonitor/../../../../usr/lib64/cmake/KF5Service/KF5ServiceTargets.cmake">
			<Option virtualFolder="CMake Files\..\..\..\..\usr\lib64\cmake\KF5Service\"/>
		</Unit>
		<Unit filename="/home/kwan/0CC4-8589/AwesomeMonitor/../../../../usr/lib64/cmake/KF5Config/KF5ConfigCompilerTargets-noconfig.cmake">
			<Option virtualFolder="CMake Files\..\..\..\..\usr\lib64\cmake\KF5Config\"/>
		</Unit>
		<Unit filename="/home/kwan/0CC4-8589/AwesomeMonitor/../../../../usr/lib64/cmake/KF5Config/KF5ConfigCompilerTargets.cmake">
			<Option virtualFolder="CMake Files\..\..\..\..\usr\lib64\cmake\KF5Config\"/>
		</Unit>
		<Unit filename="/home/kwan/0CC4-8589/AwesomeMonitor/../../../../usr/lib64/cmake/KF5Config/KF5ConfigConfig.cmake">
			<Option virtualFolder="CMake Files\..\..\..\..\usr\lib64\cmake\KF5Config\"/>
		</Unit>
		<Unit filename="/home/kwan/0CC4-8589/AwesomeMonitor/../../../../usr/lib64/cmake/KF5Config/KF5ConfigConfigVersion.cmake">
			<Option virtualFolder="CMake Files\..\..\..\..\usr\lib64\cmake\KF5Config\"/>
		</Unit>
		<Unit filename="/home/kwan/0CC4-8589/AwesomeMonitor/../../../../usr/lib64/cmake/KF5Config/KF5ConfigMacros.cmake">
			<Option virtualFolder="CMake Files\..\..\..\..\usr\lib64\cmake\KF5Config\"/>
		</Unit>
		<Unit filename="/home/kwan/0CC4-8589/AwesomeMonitor/../../../../usr/lib64/cmake/KF5Config/KF5ConfigQchTargets.cmake">
			<Option virtualFolder="CMake Files\..\..\..\..\usr\lib64\cmake\KF5Config\"/>
		</Unit>
		<Unit filename="/home/kwan/0CC4-8589/AwesomeMonitor/../../../../usr/lib64/cmake/KF5Config/KF5ConfigTargets-noconfig.cmake">
			<Option virtualFolder="CMake Files\..\..\..\..\usr\lib64\cmake\KF5Config\"/>
		</Unit>
		<Unit filename="/home/kwan/0CC4-8589/AwesomeMonitor/../../../../usr/lib64/cmake/KF5Config/KF5ConfigTargets.cmake">
			<Option virtualFolder="CMake Files\..\..\..\..\usr\lib64\cmake\KF5Config\"/>
		</Unit>
		<Unit filename="/home/kwan/0CC4-8589/AwesomeMonitor/../../../../usr/lib64/cmake/Qt5Xml/Qt5XmlConfig.cmake">
			<Option virtualFolder="CMake Files\..\..\..\..\usr\lib64\cmake\Qt5Xml\"/>
		</Unit>
		<Unit filename="/home/kwan/0CC4-8589/AwesomeMonitor/../../../../usr/lib64/cmake/Qt5Xml/Qt5XmlConfigVersion.cmake">
			<Option virtualFolder="CMake Files\..\..\..\..\usr\lib64\cmake\Qt5Xml\"/>
		</Unit>
		<Unit filename="/home/kwan/0CC4-8589/AwesomeMonitor/../../../../usr/lib64/cmake/Qt5DBus/Qt5DBusConfig.cmake">
			<Option virtualFolder="CMake Files\..\..\..\..\usr\lib64\cmake\Qt5DBus\"/>
		</Unit>
		<Unit filename="/home/kwan/0CC4-8589/AwesomeMonitor/../../../../usr/lib64/cmake/Qt5DBus/Qt5DBusConfigExtras.cmake">
			<Option virtualFolder="CMake Files\..\..\..\..\usr\lib64\cmake\Qt5DBus\"/>
		</Unit>
		<Unit filename="/home/kwan/0CC4-8589/AwesomeMonitor/../../../../usr/lib64/cmake/Qt5DBus/Qt5DBusConfigVersion.cmake">
			<Option virtualFolder="CMake Files\..\..\..\..\usr\lib64\cmake\Qt5DBus\"/>
		</Unit>
		<Unit filename="/home/kwan/0CC4-8589/AwesomeMonitor/../../../../usr/lib64/cmake/Qt5DBus/Qt5DBusMacros.cmake">
			<Option virtualFolder="CMake Files\..\..\..\..\usr\lib64\cmake\Qt5DBus\"/>
		</Unit>
		<Unit filename="/home/kwan/0CC4-8589/AwesomeMonitor/../../../../usr/lib64/cmake/KF5WindowSystem/KF5WindowSystemConfig.cmake">
			<Option virtualFolder="CMake Files\..\..\..\..\usr\lib64\cmake\KF5WindowSystem\"/>
		</Unit>
		<Unit filename="/home/kwan/0CC4-8589/AwesomeMonitor/../../../../usr/lib64/cmake/KF5WindowSystem/KF5WindowSystemConfigVersion.cmake">
			<Option virtualFolder="CMake Files\..\..\..\..\usr\lib64\cmake\KF5WindowSystem\"/>
		</Unit>
		<Unit filename="/home/kwan/0CC4-8589/AwesomeMonitor/../../../../usr/lib64/cmake/KF5WindowSystem/KF5WindowSystemQchTargets.cmake">
			<Option virtualFolder="CMake Files\..\..\..\..\usr\lib64\cmake\KF5WindowSystem\"/>
		</Unit>
		<Unit filename="/home/kwan/0CC4-8589/AwesomeMonitor/../../../../usr/lib64/cmake/KF5WindowSystem/KF5WindowSystemTargets-noconfig.cmake">
			<Option virtualFolder="CMake Files\..\..\..\..\usr\lib64\cmake\KF5WindowSystem\"/>
		</Unit>
		<Unit filename="/home/kwan/0CC4-8589/AwesomeMonitor/../../../../usr/lib64/cmake/KF5WindowSystem/KF5WindowSystemTargets.cmake">
			<Option virtualFolder="CMake Files\..\..\..\..\usr\lib64\cmake\KF5WindowSystem\"/>
		</Unit>
		<Unit filename="/home/kwan/0CC4-8589/AwesomeMonitor/../../../../usr/lib64/cmake/Boost-1.75.0/BoostConfig.cmake">
			<Option virtualFolder="CMake Files\..\..\..\..\usr\lib64\cmake\Boost-1.75.0\"/>
		</Unit>
		<Unit filename="/home/kwan/0CC4-8589/AwesomeMonitor/../../../../usr/lib64/cmake/Boost-1.75.0/BoostConfigVersion.cmake">
			<Option virtualFolder="CMake Files\..\..\..\..\usr\lib64\cmake\Boost-1.75.0\"/>
		</Unit>
		<Unit filename="/home/kwan/0CC4-8589/AwesomeMonitor/../../../../usr/lib64/cmake/boost_headers-1.75.0/boost_headers-config-version.cmake">
			<Option virtualFolder="CMake Files\..\..\..\..\usr\lib64\cmake\boost_headers-1.75.0\"/>
		</Unit>
		<Unit filename="/home/kwan/0CC4-8589/AwesomeMonitor/../../../../usr/lib64/cmake/boost_headers-1.75.0/boost_headers-config.cmake">
			<Option virtualFolder="CMake Files\..\..\..\..\usr\lib64\cmake\boost_headers-1.75.0\"/>
		</Unit>
		<Unit filename="/home/kwan/0CC4-8589/AwesomeMonitor/../../../../usr/lib64/cmake/boost_filesystem-1.75.0/boost_filesystem-config-version.cmake">
			<Option virtualFolder="CMake Files\..\..\..\..\usr\lib64\cmake\boost_filesystem-1.75.0\"/>
		</Unit>
		<Unit filename="/home/kwan/0CC4-8589/AwesomeMonitor/../../../../usr/lib64/cmake/boost_filesystem-1.75.0/boost_filesystem-config.cmake">
			<Option virtualFolder="CMake Files\..\..\..\..\usr\lib64\cmake\boost_filesystem-1.75.0\"/>
		</Unit>
		<Unit filename="/home/kwan/0CC4-8589/AwesomeMonitor/../../../../usr/lib64/cmake/boost_filesystem-1.75.0/libboost_filesystem-variant-shared.cmake">
			<Option virtualFolder="CMake Files\..\..\..\..\usr\lib64\cmake\boost_filesystem-1.75.0\"/>
		</Unit>
		<Unit filename="/home/kwan/0CC4-8589/AwesomeMonitor/../../../../usr/lib64/cmake/boost_filesystem-1.75.0/libboost_filesystem-variant-static.cmake">
			<Option virtualFolder="CMake Files\..\..\..\..\usr\lib64\cmake\boost_filesystem-1.75.0\"/>
		</Unit>
		<Unit filename="/home/kwan/0CC4-8589/AwesomeMonitor/../../../../usr/share/ECM/cmake/ECMConfig.cmake">
			<Option virtualFolder="CMake Files\..\..\..\..\usr\share\ECM\cmake\"/>
		</Unit>
		<Unit filename="/home/kwan/0CC4-8589/AwesomeMonitor/../../../../usr/share/ECM/cmake/ECMConfigVersion.cmake">
			<Option virtualFolder="CMake Files\..\..\..\..\usr\share\ECM\cmake\"/>
		</Unit>
		<Unit filename="/home/kwan/0CC4-8589/AwesomeMonitor/../../../../usr/share/ECM/modules/ECMQueryQmake.cmake">
			<Option virtualFolder="CMake Files\..\..\..\..\usr\share\ECM\modules\"/>
		</Unit>
		<Unit filename="/home/kwan/0CC4-8589/AwesomeMonitor/../../../../usr/share/ECM/modules/ECMUseFindModules.cmake">
			<Option virtualFolder="CMake Files\..\..\..\..\usr\share\ECM\modules\"/>
		</Unit>
		<Unit filename="/home/kwan/0CC4-8589/AwesomeMonitor/../../../../usr/share/ECM/kde-modules/KDEInstallDirs.cmake">
			<Option virtualFolder="CMake Files\..\..\..\..\usr\share\ECM\kde-modules\"/>
		</Unit>
		<Unit filename="/home/kwan/0CC4-8589/AwesomeMonitor/../../../../usr/share/ECM/kde-modules/prefix.sh.cmake">
			<Option virtualFolder="CMake Files\..\..\..\..\usr\share\ECM\kde-modules\"/>
		</Unit>
		<Unit filename="/home/kwan/0CC4-8589/AwesomeMonitor/_deps/json-src/CMakeLists.txt">
			<Option virtualFolder="CMake Files\_deps\json-src\"/>
		</Unit>
		<Unit filename="/home/kwan/0CC4-8589/AwesomeMonitor/json-schema-validator/CMakeLists.txt">
			<Option virtualFolder="CMake Files\json-schema-validator\"/>
		</Unit>
		<Unit filename="/home/kwan/0CC4-8589/AwesomeMonitor/src/CMakeLists.txt">
			<Option virtualFolder="CMake Files\src\"/>
		</Unit>
		<Unit filename="/home/kwan/0CC4-8589/AwesomeMonitor/src/Editor/CMakeLists.txt">
			<Option virtualFolder="CMake Files\src\Editor\"/>
		</Unit>
		<Unit filename="/home/kwan/0CC4-8589/AwesomeMonitor/src/Editor/Models/CMakeLists.txt">
			<Option virtualFolder="CMake Files\src\Editor\Models\"/>
		</Unit>
		<Unit filename="/home/kwan/0CC4-8589/AwesomeMonitor/src/Editor/Models/ComponentListModel/CMakeLists.txt">
			<Option virtualFolder="CMake Files\src\Editor\Models\ComponentListModel\"/>
		</Unit>
		<Unit filename="/home/kwan/0CC4-8589/AwesomeMonitor/src/Editor/Models/PluginTreeModel/CMakeLists.txt">
			<Option virtualFolder="CMake Files\src\Editor\Models\PluginTreeModel\"/>
		</Unit>
		<Unit filename="/home/kwan/0CC4-8589/AwesomeMonitor/src/ComponentFramework/CMakeLists.txt">
			<Option virtualFolder="CMake Files\src\ComponentFramework\"/>
		</Unit>
		<Unit filename="/home/kwan/0CC4-8589/AwesomeMonitor/src/ComponentFramework/ApplicationModel/CMakeLists.txt">
			<Option virtualFolder="CMake Files\src\ComponentFramework\ApplicationModel\"/>
		</Unit>
		<Unit filename="/home/kwan/0CC4-8589/AwesomeMonitor/src/ComponentFramework/JsonToTreeParser/CMakeLists.txt">
			<Option virtualFolder="CMake Files\src\ComponentFramework\JsonToTreeParser\"/>
		</Unit>
		<Unit filename="/home/kwan/0CC4-8589/AwesomeMonitor/src/ComponentFramework/JsonValueConverter/CMakeLists.txt">
			<Option virtualFolder="CMake Files\src\ComponentFramework\JsonValueConverter\"/>
		</Unit>
		<Unit filename="/home/kwan/0CC4-8589/AwesomeMonitor/src/Components/CMakeLists.txt">
			<Option virtualFolder="CMake Files\src\Components\"/>
		</Unit>
	</Project>
</CodeBlocks_project_file>
